
Microsoft Visual Studio Solution File, Format Version 12.00
# Visual Studio Version 16
VisualStudioVersion = 16.0.30114.105
MinimumVisualStudioVersion = 10.0.40219.1
Project("{F2A71F9B-5D33-465A-A702-920D77279786}") = "tsf", "tsf\tsf.fsproj", "{685B26BB-5614-4AD5-97B5-40958B876B06}"
EndProject
Project("{F2A71F9B-5D33-465A-A702-920D77279786}") = "tsf.tests", "tsf.tests\tsf.tests.fsproj", "{6D876DB6-40CC-465A-8617-0BEBCF3307CA}"
EndProject
Global
	GlobalSection(SolutionConfigurationPlatforms) = preSolution
		Debug|Any CPU = Debug|Any CPU
		Release|Any CPU = Release|Any CPU
	EndGlobalSection
	GlobalSection(SolutionProperties) = preSolution
		HideSolutionNode = FALSE
	EndGlobalSection
	GlobalSection(ProjectConfigurationPlatforms) = postSolution
		{685B26BB-5614-4AD5-97B5-40958B876B06}.Debug|Any CPU.ActiveCfg = Debug|Any CPU
		{685B26BB-5614-4AD5-97B5-40958B876B06}.Debug|Any CPU.Build.0 = Debug|Any CPU
		{685B26BB-5614-4AD5-97B5-40958B876B06}.Release|Any CPU.ActiveCfg = Release|Any CPU
		{685B26BB-5614-4AD5-97B5-40958B876B06}.Release|Any CPU.Build.0 = Release|Any CPU
		{6D876DB6-40CC-465A-8617-0BEBCF3307CA}.Debug|Any CPU.ActiveCfg = Debug|Any CPU
		{6D876DB6-40CC-465A-8617-0BEBCF3307CA}.Debug|Any CPU.Build.0 = Debug|Any CPU
		{6D876DB6-40CC-465A-8617-0BEBCF3307CA}.Release|Any CPU.ActiveCfg = Release|Any CPU
		{6D876DB6-40CC-465A-8617-0BEBCF3307CA}.Release|Any CPU.Build.0 = Release|Any CPU
	EndGlobalSection
EndGlobal
